
Microsoft Visual Studio Solution File, Format Version 12.00
# Visual Studio Version 16
VisualStudioVersion = 16.0.29318.209
MinimumVisualStudioVersion = 10.0.40219.1
Project("{FAE04EC0-301F-11D3-BF4B-00C04F79EFBC}") = "SerialisationLesson", "SerialisationLesson\SerialisationLesson.csproj", "{46231C54-5042-4673-8F79-6C723B8AB1F2}"
EndProject
Global
	GlobalSection(SolutionConfigurationPlatforms) = preSolution
		Debug|Any CPU = Debug|Any CPU
		Release|Any CPU = Release|Any CPU
	EndGlobalSection
	GlobalSection(ProjectConfigurationPlatforms) = postSolution
		{46231C54-5042-4673-8F79-6C723B8AB1F2}.Debug|Any CPU.ActiveCfg = Debug|Any CPU
		{46231C54-5042-4673-8F79-6C723B8AB1F2}.Debug|Any CPU.Build.0 = Debug|Any CPU
		{46231C54-5042-4673-8F79-6C723B8AB1F2}.Release|Any CPU.ActiveCfg = Release|Any CPU
		{46231C54-5042-4673-8F79-6C723B8AB1F2}.Release|Any CPU.Build.0 = Release|Any CPU
	EndGlobalSection
	GlobalSection(SolutionProperties) = preSolution
		HideSolutionNode = FALSE
	EndGlobalSection
	GlobalSection(ExtensibilityGlobals) = postSolution
		SolutionGuid = {736E8846-F53A-45DA-AF1D-EE609E5ACB64}
	EndGlobalSection
EndGlobal
